// !$*UTF8*$!
{
	archiveVersion = 1;
	classes = {
	};
	objectVersion = 50;
	objects = {

/* Begin PBXBuildFile section */
		1A5212BA216CDDCC007AB461 /* AppDelegate.swift in Sources */ = {isa = PBXBuildFile; fileRef = 1A5212B9216CDDCC007AB461 /* AppDelegate.swift */; };
		1A5212BC216CDDCC007AB461 /* ViewController.swift in Sources */ = {isa = PBXBuildFile; fileRef = 1A5212BB216CDDCC007AB461 /* ViewController.swift */; };
		1A5212BF216CDDCC007AB461 /* Main.storyboard in Resources */ = {isa = PBXBuildFile; fileRef = 1A5212BD216CDDCC007AB461 /* Main.storyboard */; };
		1A5212C2216CDDCC007AB461 /* weatherApp.xcdatamodeld in Sources */ = {isa = PBXBuildFile; fileRef = 1A5212C0216CDDCC007AB461 /* weatherApp.xcdatamodeld */; };
		1A5212C4216CDDE0007AB461 /* Assets.xcassets in Resources */ = {isa = PBXBuildFile; fileRef = 1A5212C3216CDDE0007AB461 /* Assets.xcassets */; };
		1A5212C7216CDDE0007AB461 /* LaunchScreen.storyboard in Resources */ = {isa = PBXBuildFile; fileRef = 1A5212C5216CDDE0007AB461 /* LaunchScreen.storyboard */; };
		1A5212D5216D22CA007AB461 /* AddcityViewController.swift in Sources */ = {isa = PBXBuildFile; fileRef = 1A5212D4216D22CA007AB461 /* AddcityViewController.swift */; };
		1A5212D7216D22DA007AB461 /* WeatherInfoViewController.swift in Sources */ = {isa = PBXBuildFile; fileRef = 1A5212D6216D22DA007AB461 /* WeatherInfoViewController.swift */; };
		1ABCC2B42170D70D00A1763A /* WSLookUp.swift in Sources */ = {isa = PBXBuildFile; fileRef = 1ABCC2B32170D70D00A1763A /* WSLookUp.swift */; };
/* End PBXBuildFile section */

/* Begin PBXFileReference section */
		1A5212B6216CDDCC007AB461 /* weatherApp.app */ = {isa = PBXFileReference; explicitFileType = wrapper.application; includeInIndex = 0; path = weatherApp.app; sourceTree = BUILT_PRODUCTS_DIR; };
		1A5212B9216CDDCC007AB461 /* AppDelegate.swift */ = {isa = PBXFileReference; lastKnownFileType = sourcecode.swift; path = AppDelegate.swift; sourceTree = "<group>"; };
		1A5212BB216CDDCC007AB461 /* ViewController.swift */ = {isa = PBXFileReference; lastKnownFileType = sourcecode.swift; path = ViewController.swift; sourceTree = "<group>"; };
		1A5212BE216CDDCC007AB461 /* Base */ = {isa = PBXFileReference; lastKnownFileType = file.storyboard; name = Base; path = Base.lproj/Main.storyboard; sourceTree = "<group>"; };
		1A5212C1216CDDCC007AB461 /* weatherApp.xcdatamodel */ = {isa = PBXFileReference; lastKnownFileType = wrapper.xcdatamodel; path = weatherApp.xcdatamodel; sourceTree = "<group>"; };
		1A5212C3216CDDE0007AB461 /* Assets.xcassets */ = {isa = PBXFileReference; lastKnownFileType = folder.assetcatalog; path = Assets.xcassets; sourceTree = "<group>"; };
		1A5212C6216CDDE0007AB461 /* Base */ = {isa = PBXFileReference; lastKnownFileType = file.storyboard; name = Base; path = Base.lproj/LaunchScreen.storyboard; sourceTree = "<group>"; };
		1A5212C8216CDDE0007AB461 /* Info.plist */ = {isa = PBXFileReference; lastKnownFileType = text.plist.xml; path = Info.plist; sourceTree = "<group>"; };
		1A5212D4216D22CA007AB461 /* AddcityViewController.swift */ = {isa = PBXFileReference; lastKnownFileType = sourcecode.swift; path = AddcityViewController.swift; sourceTree = "<group>"; };
		1A5212D6216D22DA007AB461 /* WeatherInfoViewController.swift */ = {isa = PBXFileReference; lastKnownFileType = sourcecode.swift; path = WeatherInfoViewController.swift; sourceTree = "<group>"; };
		1ABCC2B32170D70D00A1763A /* WSLookUp.swift */ = {isa = PBXFileReference; fileEncoding = 4; lastKnownFileType = sourcecode.swift; path = WSLookUp.swift; sourceTree = "<group>"; };
/* End PBXFileReference section */

/* Begin PBXFrameworksBuildPhase section */
		1A5212B3216CDDCC007AB461 /* Frameworks */ = {
			isa = PBXFrameworksBuildPhase;
			buildActionMask = 2147483647;
			files = (
			);
			runOnlyForDeploymentPostprocessing = 0;
		};
/* End PBXFrameworksBuildPhase section */

/* Begin PBXGroup section */
		1A5212AD216CDDCB007AB461 = {
			isa = PBXGroup;
			children = (
				1A5212B8216CDDCC007AB461 /* weatherApp */,
				1A5212B7216CDDCC007AB461 /* Products */,
			);
			sourceTree = "<group>";
		};
		1A5212B7216CDDCC007AB461 /* Products */ = {
			isa = PBXGroup;
			children = (
				1A5212B6216CDDCC007AB461 /* weatherApp.app */,
			);
			name = Products;
			sourceTree = "<group>";
		};
		1A5212B8216CDDCC007AB461 /* weatherApp */ = {
			isa = PBXGroup;
			children = (
				1A5212B9216CDDCC007AB461 /* AppDelegate.swift */,
				1A5212BB216CDDCC007AB461 /* ViewController.swift */,
				1A5212BD216CDDCC007AB461 /* Main.storyboard */,
				1A5212C3216CDDE0007AB461 /* Assets.xcassets */,
				1A5212C5216CDDE0007AB461 /* LaunchScreen.storyboard */,
				1A5212C8216CDDE0007AB461 /* Info.plist */,
				1ABCC2B32170D70D00A1763A /* WSLookUp.swift */,
				1A5212C0216CDDCC007AB461 /* weatherApp.xcdatamodeld */,
				1A5212D4216D22CA007AB461 /* AddcityViewController.swift */,
				1A5212D6216D22DA007AB461 /* WeatherInfoViewController.swift */,
			);
			path = weatherApp;
			sourceTree = "<group>";
		};
/* End PBXGroup section */

/* Begin PBXNativeTarget section */
		1A5212B5216CDDCC007AB461 /* weatherApp */ = {
			isa = PBXNativeTarget;
			buildConfigurationList = 1A5212CB216CDDE0007AB461 /* Build configuration list for PBXNativeTarget "weatherApp" */;
			buildPhases = (
				1A5212B2216CDDCC007AB461 /* Sources */,
				1A5212B3216CDDCC007AB461 /* Frameworks */,
				1A5212B4216CDDCC007AB461 /* Resources */,
			);
			buildRules = (
			);
			dependencies = (
			);
			name = weatherApp;
			productName = weatherApp;
			productReference = 1A5212B6216CDDCC007AB461 /* weatherApp.app */;
			productType = "com.apple.product-type.application";
		};
/* End PBXNativeTarget section */

/* Begin PBXProject section */
		1A5212AE216CDDCC007AB461 /* Project object */ = {
			isa = PBXProject;
			attributes = {
				LastSwiftUpdateCheck = 1000;
				LastUpgradeCheck = 1000;
				ORGANIZATIONNAME = "Tenzin Chozom";
				TargetAttributes = {
					1A5212B5216CDDCC007AB461 = {
						CreatedOnToolsVersion = 10.0;
					};
				};
			};
			buildConfigurationList = 1A5212B1216CDDCC007AB461 /* Build configuration list for PBXProject "weatherApp" */;
			compatibilityVersion = "Xcode 9.3";
			developmentRegion = en;
			hasScannedForEncodings = 0;
			knownRegions = (
				en,
				Base,
			);
			mainGroup = 1A5212AD216CDDCB007AB461;
			productRefGroup = 1A5212B7216CDDCC007AB461 /* Products */;
			projectDirPath = "";
			projectRoot = "";
			targets = (
				1A5212B5216CDDCC007AB461 /* weatherApp */,
			);
		};
/* End PBXProject section */

/* Begin PBXResourcesBuildPhase section */
		1A5212B4216CDDCC007AB461 /* Resources */ = {
			isa = PBXResourcesBuildPhase;
			buildActionMask = 2147483647;
			files = (
				1A5212C7216CDDE0007AB461 /* LaunchScreen.storyboard in Resources */,
				1A5212C4216CDDE0007AB461 /* Assets.xcassets in Resources */,
				1A5212BF216CDDCC007AB461 /* Main.storyboard in Resources */,
			);
			runOnlyForDeploymentPostprocessing = 0;
		};
/* End PBXResourcesBuildPhase section */

/* Begin PBXSourcesBuildPhase section */
		1A5212B2216CDDCC007AB461 /* Sources */ = {
			isa = PBXSourcesBuildPhase;
			buildActionMask = 2147483647;
			files = (
				1A5212D5216D22CA007AB461 /* AddcityViewController.swift in Sources */,
				1A5212BC216CDDCC007AB461 /* ViewController.swift in Sources */,
				1A5212C2216CDDCC007AB461 /* weatherApp.xcdatamodeld in Sources */,
				1A5212BA216CDDCC007AB461 /* AppDelegate.swift in Sources */,
				1A5212D7216D22DA007AB461 /* WeatherInfoViewController.swift in Sources */,
				1ABCC2B42170D70D00A1763A /* WSLookUp.swift in Sources */,
			);
			runOnlyForDeploymentPostprocessing = 0;
		};
/* End PBXSourcesBuildPhase section */

/* Begin PBXVariantGroup section */
		1A5212BD216CDDCC007AB461 /* Main.storyboard */ = {
			isa = PBXVariantGroup;
			children = (
				1A5212BE216CDDCC007AB461 /* Base */,
			);
			name = Main.storyboard;
			sourceTree = "<group>";
		};
		1A5212C5216CDDE0007AB461 /* LaunchScreen.storyboard */ = {
			isa = PBXVariantGroup;
			children = (
				1A5212C6216CDDE0007AB461 /* Base */,
			);
			name = LaunchScreen.storyboard;
			sourceTree = "<group>";
		};
/* End PBXVariantGroup section */

/* Begin XCBuildConfiguration section */
		1A5212C9216CDDE0007AB461 /* Debug */ = {
			isa = XCBuildConfiguration;
			buildSettings = {
				ALWAYS_SEARCH_USER_PATHS = NO;
				CLANG_ANALYZER_NONNULL = YES;
				CLANG_ANALYZER_NUMBER_OBJECT_CONVERSION = YES_AGGRESSIVE;
				CLANG_CXX_LANGUAGE_STANDARD = "gnu++14";
				CLANG_CXX_LIBRARY = "libc++";
				CLANG_ENABLE_MODULES = YES;
				CLANG_ENABLE_OBJC_ARC = YES;
				CLANG_ENABLE_OBJC_WEAK = YES;
				CLANG_WARN_BLOCK_CAPTURE_AUTORELEASING = YES;
				CLANG_WARN_BOOL_CONVERSION = YES;
				CLANG_WARN_COMMA = YES;
				CLANG_WARN_CONSTANT_CONVERSION = YES;
				CLANG_WARN_DEPRECATED_OBJC_IMPLEMENTATIONS = YES;
				CLANG_WARN_DIRECT_OBJC_ISA_USAGE = YES_ERROR;
				CLANG_WARN_DOCUMENTATION_COMMENTS = YES;
				CLANG_WARN_EMPTY_BODY = YES;
				CLANG_WARN_ENUM_CONVERSION = YES;
				CLANG_WARN_INFINITE_RECURSION = YES;
				CLANG_WARN_INT_CONVERSION = YES;
				CLANG_WARN_NON_LITERAL_NULL_CONVERSION = YES;
				CLANG_WARN_OBJC_IMPLICIT_RETAIN_SELF = YES;
				CLANG_WARN_OBJC_LITERAL_CONVERSION = YES;
				CLANG_WARN_OBJC_ROOT_CLASS = YES_ERROR;
				CLANG_WARN_RANGE_LOOP_ANALYSIS = YES;
				CLANG_WARN_STRICT_PROTOTYPES = YES;
				CLANG_WARN_SUSPICIOUS_MOVE = YES;
				CLANG_WARN_UNGUARDED_AVAILABILITY = YES_AGGRESSIVE;
				CLANG_WARN_UNREACHABLE_CODE = YES;
				CLANG_WARN__DUPLICATE_METHOD_MATCH = YES;
				CODE_SIGN_IDENTITY = "iPhone Developer";
				COPY_PHASE_STRIP = NO;
				DEBUG_INFORMATION_FORMAT = dwarf;
				ENABLE_STRICT_OBJC_MSGSEND = YES;
				ENABLE_TESTABILITY = YES;
				GCC_C_LANGUAGE_STANDARD = gnu11;
				GCC_DYNAMIC_NO_PIC = NO;
				GCC_NO_COMMON_BLOCKS = YES;
				GCC_OPTIMIZATION_LEVEL = 0;
				GCC_PREPROCESSOR_DEFINITIONS = (
					"DEBUG=1",
					"$(inherited)",
				);
				GCC_WARN_64_TO_32_BIT_CONVERSION = YES;
				GCC_WARN_ABOUT_RETURN_TYPE = YES_ERROR;
				GCC_WARN_UNDECLARED_SELECTOR = YES;
				GCC_WARN_UNINITIALIZED_AUTOS = YES_AGGRESSIVE;
				GCC_WARN_UNUSED_FUNCTION = YES;
				GCC_WARN_UNUSED_VARIABLE = YES;
				IPHONEOS_DEPLOYMENT_TARGET = 12.0;
				MTL_ENABLE_DEBUG_INFO = INCLUDE_SOURCE;
				MTL_FAST_MATH = YES;
				ONLY_ACTIVE_ARCH = YES;
				SDKROOT = iphoneos;
				SWIFT_ACTIVE_COMPILATION_CONDITIONS = DEBUG;
				SWIFT_OPTIMIZATION_LEVEL = "-Onone";
			};
			name = Debug;
		};
		1A5212CA216CDDE0007AB461 /* Release */ = {
			isa = XCBuildConfiguration;
			buildSettings = {
				ALWAYS_SEARCH_USER_PATHS = NO;
				CLANG_ANALYZER_NONNULL = YES;
				CLANG_ANALYZER_NUMBER_OBJECT_CONVERSION = YES_AGGRESSIVE;
				CLANG_CXX_LANGUAGE_STANDARD = "gnu++14";
				CLANG_CXX_LIBRARY = "libc++";
				CLANG_ENABLE_MODULES = YES;
				CLANG_ENABLE_OBJC_ARC = YES;
				CLANG_ENABLE_OBJC_WEAK = YES;
				CLANG_WARN_BLOCK_CAPTURE_AUTORELEASING = YES;
				CLANG_WARN_BOOL_CONVERSION = YES;
				CLANG_WARN_COMMA = YES;
				CLANG_WARN_CONSTANT_CONVERSION = YES;
				CLANG_WARN_DEPRECATED_OBJC_IMPLEMENTATIONS = YES;
				CLANG_WARN_DIRECT_OBJC_ISA_USAGE = YES_ERROR;
				CLANG_WARN_DOCUMENTATION_COMMENTS = YES;
				CLANG_WARN_EMPTY_BODY = YES;
				CLANG_WARN_ENUM_CONVERSION = YES;
				CLANG_WARN_INFINITE_RECURSION = YES;
				CLANG_WARN_INT_CONVERSION = YES;
				CLANG_WARN_NON_LITERAL_NULL_CONVERSION = YES;
				CLANG_WARN_OBJC_IMPLICIT_RETAIN_SELF = YES;
				CLANG_WARN_OBJC_LITERAL_CONVERSION = YES;
				CLANG_WARN_OBJC_ROOT_CLASS = YES_ERROR;
				CLANG_WARN_RANGE_LOOP_ANALYSIS = YES;
				CLANG_WARN_STRICT_PROTOTYPES = YES;
				CLANG_WARN_SUSPICIOUS_MOVE = YES;
				CLANG_WARN_UNGUARDED_AVAILABILITY = YES_AGGRESSIVE;
				CLANG_WARN_UNREACHABLE_CODE = YES;
				CLANG_WARN__DUPLICATE_METHOD_MATCH = YES;
				CODE_SIGN_IDENTITY = "iPhone Developer";
				COPY_PHASE_STRIP = NO;
				DEBUG_INFORMATION_FORMAT = "dwarf-with-dsym";
				ENABLE_NS_ASSERTIONS = NO;
				ENABLE_STRICT_OBJC_MSGSEND = YES;
				GCC_C_LANGUAGE_STANDARD = gnu11;
				GCC_NO_COMMON_BLOCKS = YES;
				GCC_WARN_64_TO_32_BIT_CONVERSION = YES;
				GCC_WARN_ABOUT_RETURN_TYPE = YES_ERROR;
				GCC_WARN_UNDECLARED_SELECTOR = YES;
				GCC_WARN_UNINITIALIZED_AUTOS = YES_AGGRESSIVE;
				GCC_WARN_UNUSED_FUNCTION = YES;
				GCC_WARN_UNUSED_VARIABLE = YES;
				IPHONEOS_DEPLOYMENT_TARGET = 12.0;
				MTL_ENABLE_DEBUG_INFO = NO;
				MTL_FAST_MATH = YES;
				SDKROOT = iphoneos;
				SWIFT_COMPILATION_MODE = wholemodule;
				SWIFT_OPTIMIZATION_LEVEL = "-O";
				VALIDATE_PRODUCT = YES;
			};
			name = Release;
		};
		1A5212CC216CDDE0007AB461 /* Debug */ = {
			isa = XCBuildConfiguration;
			buildSettings = {
				ASSETCATALOG_COMPILER_APPICON_NAME = AppIcon;
				CODE_SIGN_STYLE = Automatic;
				INFOPLIST_FILE = weatherApp/Info.plist;
				LD_RUNPATH_SEARCH_PATHS = (
					"$(inherited)",
					"@executable_path/Frameworks",
				);
				PRODUCT_BUNDLE_IDENTIFIER = Seneca.weatherApp;
				PRODUCT_NAME = "$(TARGET_NAME)";
				SWIFT_VERSION = 4.2;
				TARGETED_DEVICE_FAMILY = "1,2";
			};
			name = Debug;
		};
		1A5212CD216CDDE0007AB461 /* Release */ = {
			isa = XCBuildConfiguration;
			buildSettings = {
				ASSETCATALOG_COMPILER_APPICON_NAME = AppIcon;
				CODE_SIGN_STYLE = Automatic;
				INFOPLIST_FILE = weatherApp/Info.plist;
				LD_RUNPATH_SEARCH_PATHS = (
					"$(inherited)",
					"@executable_path/Frameworks",
				);
				PRODUCT_BUNDLE_IDENTIFIER = Seneca.weatherApp;
				PRODUCT_NAME = "$(TARGET_NAME)";
				SWIFT_VERSION = 4.2;
				TARGETED_DEVICE_FAMILY = "1,2";
			};
			name = Release;
		};
/* End XCBuildConfiguration section */

/* Begin XCConfigurationList section */
		1A5212B1216CDDCC007AB461 /* Build configuration list for PBXProject "weatherApp" */ = {
			isa = XCConfigurationList;
			buildConfigurations = (
				1A5212C9216CDDE0007AB461 /* Debug */,
				1A5212CA216CDDE0007AB461 /* Release */,
			);
			defaultConfigurationIsVisible = 0;
			defaultConfigurationName = Release;
		};
		1A5212CB216CDDE0007AB461 /* Build configuration list for PBXNativeTarget "weatherApp" */ = {
			isa = XCConfigurationList;
			buildConfigurations = (
				1A5212CC216CDDE0007AB461 /* Debug */,
				1A5212CD216CDDE0007AB461 /* Release */,
			);
			defaultConfigurationIsVisible = 0;
			defaultConfigurationName = Release;
		};
/* End XCConfigurationList section */

/* Begin XCVersionGroup section */
		1A5212C0216CDDCC007AB461 /* weatherApp.xcdatamodeld */ = {
			isa = XCVersionGroup;
			children = (
				1A5212C1216CDDCC007AB461 /* weatherApp.xcdatamodel */,
			);
			currentVersion = 1A5212C1216CDDCC007AB461 /* weatherApp.xcdatamodel */;
			path = weatherApp.xcdatamodeld;
			sourceTree = "<group>";
			versionGroupType = wrapper.xcdatamodel;
		};
/* End XCVersionGroup section */
	};
	rootObject = 1A5212AE216CDDCC007AB461 /* Project object */;
}
